{
  "name": "meridian-latex-engine",
  "version": "0.1.0",
  "lockfileVersion": 2,
  "requires": true,
  "packages": {
    "": {
      "name": "meridian-latex-engine",
      "version": "0.1.0",
      "dependencies": {
        "@unified-latex/unified-latex-types": "^1.8.4",
        "@unified-latex/unified-latex-util-parse": "^1.8.4",
        "better-sqlite3": "^13.0.3",
        "chrome-launcher": "^1.2.1",
        "chrome-remote-interface": "^0.34.0",
        "ws": "^8.21.3"
      },
      "bin": {
        "meridian-latex": "src/cli.js"
      }
    },
    "node_modules/@types/node": {
      "version": "26.6.1",
      "resolved": "https://registry.npmjs.org/@types/node/-/node-26.6.1.tgz",
      "integrity": "sha512-VqGJBMCtdhqkBUCcBLvywI0NJ+KLuVzgNnlBUNFOQjqVxzo2lxLUNg1DSey8+u2u6ktswSAxg+s68QLzWHNOuA==",
      "dependencies": {
        "undici-types": "~8.9.0"
      }
    },
    "node_modules/@types/unist": {
      "version": "2.0.11",
      "resolved": "https://registry.npmjs.org/@types/unist/-/unist-2.0.11.tgz",
      "integrity": "sha512-CmBKiL6NNo/OqgmMn95Fk9Whlp2mtvIv+KNpQKN2F4SjvrEesubTRWGYSg+BnWZOnlCaSTU1sMpsBOzgbYhnsA=="
    },
    "node_modules/@unified-latex/unified-latex-builder": {
      "version": "1.8.4",
      "resolved": "https://registry.npmjs.org/@unified-latex/unified-latex-builder/-/unified-latex-builder-1.8.4.tgz",
      "integrity": "sha512-Rw5XlVhJ50wk7J/hukJ0YBjLqaCjNTYDLZc6lNPH8Vji56YPzZbduuh/kY3ueME+CnxJq/34CGY8D/0cOZY8yw==",
      "dependencies": {
        "@unified-latex/unified-latex-types": "^1.8.4"
      }
    },
    "node_modules/@unified-latex/unified-latex-ctan": {
      "version": "1.8.4",
      "resolved": "https://registry.npmjs.org/@unified-latex/unified-latex-ctan/-/unified-latex-ctan-1.8.4.tgz",
      "integrity": "sha512-jNirPv/pLtuWwGwqmeJPcz3hWX98LcSZDCcnlqCp5HRTx2wzhni2cuefORkP0klz4hoU2lm3s71eVA9taC6kQw==",
      "dependencies": {
        "@unified-latex/unified-latex-builder": "^1.8.4",
        "@unified-latex/unified-latex-types": "^1.8.4",
        "@unified-latex/unified-latex-util-argspec": "^1.8.4",
        "@unified-latex/unified-latex-util-arguments": "^1.8.4",
        "@unified-latex/unified-latex-util-comments": "^1.8.4",
        "@unified-latex/unified-latex-util-match": "^1.8.4",
        "@unified-latex/unified-latex-util-pegjs": "^1.8.4",
        "@unified-latex/unified-latex-util-print-raw": "^1.8.4",
        "@unified-latex/unified-latex-util-render-info": "^1.8.4",
        "@unified-latex/unified-latex-util-replace": "^1.8.4",
        "@unified-latex/unified-latex-util-scan": "^1.8.4",
        "@unified-latex/unified-latex-util-split": "^1.8.4",
        "@unified-latex/unified-latex-util-trim": "^1.8.4",
        "@unified-latex/unified-latex-util-visit": "^1.8.4",
        "color": "^4.2.3"
      }
    },
    "node_modules/@unified-latex/unified-latex-types": {
      "version": "1.8.4",
      "resolved": "https://registry.npmjs.org/@unified-latex/unified-latex-types/-/unified-latex-types-1.8.4.tgz",
      "integrity": "sha512-nQ6YS4WYVOA89qdmxw57vl3KfmRGFHGTyLsw9LxCC7DSE6oma3rvXIGjBDUe7E3bgWocBqRITPcz25VqCRlFzA=="
    },
    "node_modules/@unified-latex/unified-latex-util-argspec": {
      "version": "1.8.4",
      "resolved": "https://registry.npmjs.org/@unified-latex/unified-latex-util-argspec/-/unified-latex-util-argspec-1.8.4.tgz",
      "integrity": "sha512-FZcQ6d5goGmfZnqLNqvl+HzU1xuXfHj4q2JqBPT+qd2Jjj6Bu4EGI3om7jz/FjsSADVQJ6T69gRNxpWAH1uuZw==",
      "dependencies": {
        "@unified-latex/unified-latex-util-pegjs": "^1.8.4"
      }
    },
    "node_modules/@unified-latex/unified-latex-util-arguments": {
      "version": "1.8.4",
      "resolved": "https://registry.npmjs.org/@unified-latex/unified-latex-util-arguments/-/unified-latex-util-arguments-1.8.4.tgz",
      "integrity": "sha512-nVDASzDojN33T1RwjRlACeMObcHW4erxVfv60ZjHKi7B5TCgGU6hzMgScjC4ex5WsR1dLfma4OWElnwOiavXJw==",
      "dependencies": {
        "@unified-latex/unified-latex-builder": "^1.8.4",
        "@unified-latex/unified-latex-types": "^1.8.4",
        "@unified-latex/unified-latex-util-argspec": "^1.8.4",
        "@unified-latex/unified-latex-util-match": "^1.8.4",
        "@unified-latex/unified-latex-util-render-info": "^1.8.4",
        "@unified-latex/unified-latex-util-scan": "^1.8.4",
        "@unified-latex/unified-latex-util-visit": "^1.8.4",
        "unified": "^10.1.2"
      }
    },
    "node_modules/@unified-latex/unified-latex-util-catcode": {
      "version": "1.8.4",
      "resolved": "https://registry.npmjs.org/@unified-latex/unified-latex-util-catcode/-/unified-latex-util-catcode-1.8.4.tgz",
      "integrity": "sha512-8huVuXLfpjYp7Ac9/+pQd9i2MYJjJalKLjt1dgaFFO5Ageo5Ot7wDCja2FRYPcHisnFBFoePGCRsqZbnPe1iCw==",
      "dependencies": {
        "@unified-latex/unified-latex-types": "^1.8.4",
        "@unified-latex/unified-latex-util-match": "^1.8.4",
        "@unified-latex/unified-latex-util-visit": "^1.8.4"
      }
    },
    "node_modules/@unified-latex/unified-latex-util-comments": {
      "version": "1.8.4",
      "resolved": "https://registry.npmjs.org/@unified-latex/unified-latex-util-comments/-/unified-latex-util-comments-1.8.4.tgz",
      "integrity": "sha512-2Iw4BpxOx+Uow4DZio34qP8kqjJvYLATfgn8P48rMF6VLAjJniVvMxpHdbv6Kwh8aCAuhOl2bjMZ9m1NxH+OzQ==",
      "dependencies": {
        "@unified-latex/unified-latex-types": "^1.8.4",
        "@unified-latex/unified-latex-util-match": "^1.8.4",
        "@unified-latex/unified-latex-util-replace": "^1.8.4"
      }
    },
    "node_modules/@unified-latex/unified-latex-util-environments": {
      "version": "1.8.4",
      "resolved": "https://registry.npmjs.org/@unified-latex/unified-latex-util-environments/-/unified-latex-util-environments-1.8.4.tgz",
      "integrity": "sha512-zA5rlwApSwLAubtZcQeaOZqLYeFVM9c0aecw3Uajho8GGk9CTUtaS/vvZe4VwnU1Z/usbu1LPgPMaiHt3LTJOQ==",
      "dependencies": {
        "@unified-latex/unified-latex-types": "^1.8.4",
        "@unified-latex/unified-latex-util-arguments": "^1.8.4",
        "@unified-latex/unified-latex-util-match": "^1.8.4",
        "@unified-latex/unified-latex-util-print-raw": "^1.8.4",
        "@unified-latex/unified-latex-util-render-info": "^1.8.4",
        "@unified-latex/unified-latex-util-visit": "^1.8.4",
        "unified": "^10.1.2"
      }
    },
    "node_modules/@unified-latex/unified-latex-util-match": {
      "version": "1.8.4",
      "resolved": "https://registry.npmjs.org/@unified-latex/unified-latex-util-match/-/unified-latex-util-match-1.8.4.tgz",
      "integrity": "sha512-wYhTER8i3THQcTYjSufCr8IC0TxguN3dj3h0EFAVneZQ/FIqi/kbvvtPaI0u8mtQLuBDGfhftBy7PvuK9TSG3w==",
      "dependencies": {
        "@unified-latex/unified-latex-types": "^1.8.4",
        "@unified-latex/unified-latex-util-print-raw": "^1.8.4"
      }
    },
    "node_modules/@unified-latex/unified-latex-util-parse": {
      "version": "1.8.4",
      "resolved": "https://registry.npmjs.org/@unified-latex/unified-latex-util-parse/-/unified-latex-util-parse-1.8.4.tgz",
      "integrity": "sha512-Ri+j+0hdgw2xv3tTnc8sCOL9R25bEeKu7dsgX2eKQ0Q4nWIlJ5dQsMFhykGPJhnAok8t6DRlb2GRt2+Mk1UPHg==",
      "dependencies": {
        "@unified-latex/unified-latex-ctan": "^1.8.4",
        "@unified-latex/unified-latex-types": "^1.8.4",
        "@unified-latex/unified-latex-util-arguments": "^1.8.4",
        "@unified-latex/unified-latex-util-catcode": "^1.8.4",
        "@unified-latex/unified-latex-util-environments": "^1.8.4",
        "@unified-latex/unified-latex-util-match": "^1.8.4",
        "@unified-latex/unified-latex-util-pegjs": "^1.8.4",
        "@unified-latex/unified-latex-util-print-raw": "^1.8.4",
        "@unified-latex/unified-latex-util-trim": "^1.8.4",
        "@unified-latex/unified-latex-util-visit": "^1.8.4",
        "unified": "^10.1.2"
      }
    },
    "node_modules/@unified-latex/unified-latex-util-pegjs": {
      "version": "1.8.4",
      "resolved": "https://registry.npmjs.org/@unified-latex/unified-latex-util-pegjs/-/unified-latex-util-pegjs-1.8.4.tgz",
      "integrity": "sha512-5PTvl2zTK25+Dy8SMpqq6Nf9k1gvr89fS7rR3hB8vi/KjA9AfXGQbiYOcwTfN8O5lpoKJeOuXw6hhaSlTpRaMQ==",
      "dependencies": {
        "@unified-latex/unified-latex-types": "^1.8.4",
        "@unified-latex/unified-latex-util-match": "^1.8.4"
      }
    },
    "node_modules/@unified-latex/unified-latex-util-print-raw": {
      "version": "1.8.4",
      "resolved": "https://registry.npmjs.org/@unified-latex/unified-latex-util-print-raw/-/unified-latex-util-print-raw-1.8.4.tgz",
      "integrity": "sha512-35hce9A8frQvEp5cM5avPpLMCUs8OIzhR3OZr4TjMJI/Lsj4wu6Tv9h2XQpxDmg8ofOtxn2UEWB19Wld9fgRvw==",
      "dependencies": {
        "@unified-latex/unified-latex-types": "^1.8.4"
      }
    },
    "node_modules/@unified-latex/unified-latex-util-render-info": {
      "version": "1.8.4",
      "resolved": "https://registry.npmjs.org/@unified-latex/unified-latex-util-render-info/-/unified-latex-util-render-info-1.8.4.tgz",
      "integrity": "sha512-G8py9w7PYRgUXl9lMnuvQ24s5hB1wzz2dlCzF+HHbvW8P29x7PF3jry+R9l+LD/P3bxVNdcFTz8HHJ8dnu7NiQ==",
      "dependencies": {
        "@unified-latex/unified-latex-types": "^1.8.4",
        "@unified-latex/unified-latex-util-visit": "^1.8.4"
      }
    },
    "node_modules/@unified-latex/unified-latex-util-replace": {
      "version": "1.8.4",
      "resolved": "https://registry.npmjs.org/@unified-latex/unified-latex-util-replace/-/unified-latex-util-replace-1.8.4.tgz",
      "integrity": "sha512-9T2U11L6gihcoCul+xxwQOQrG3b8y5EcXvNXAV5U4c9GkLesvEEQ7wgyVtYtEDHIzFFL6p0Bc60XyWTn8VD3Qw==",
      "dependencies": {
        "@unified-latex/unified-latex-types": "^1.8.4",
        "@unified-latex/unified-latex-util-match": "^1.8.4",
        "@unified-latex/unified-latex-util-split": "^1.8.4",
        "@unified-latex/unified-latex-util-trim": "^1.8.4",
        "@unified-latex/unified-latex-util-visit": "^1.8.4",
        "unified": "^10.1.2"
      }
    },
    "node_modules/@unified-latex/unified-latex-util-scan": {
      "version": "1.8.4",
      "resolved": "https://registry.npmjs.org/@unified-latex/unified-latex-util-scan/-/unified-latex-util-scan-1.8.4.tgz",
      "integrity": "sha512-oeL2PBxXIsEtO/ZQdiWWjy3t96wnd/8Obn4ts80g++6S/9p6GKU27MDpUP9zb/k3OBwUufH4/LkdhokWGVmTNQ==",
      "dependencies": {
        "@unified-latex/unified-latex-types": "^1.8.4",
        "@unified-latex/unified-latex-util-match": "^1.8.4",
        "@unified-latex/unified-latex-util-print-raw": "^1.8.4",
        "trie-prefix-tree": "^1.5.1"
      }
    },
    "node_modules/@unified-latex/unified-latex-util-split": {
      "version": "1.8.4",
      "resolved": "https://registry.npmjs.org/@unified-latex/unified-latex-util-split/-/unified-latex-util-split-1.8.4.tgz",
      "integrity": "sha512-EZm92GRiOLcJeH/HFfh1unH+BBBGHOlvgjzIvG5I5XofLWj/Y2lwX2aPbNfrT/nmjKrujcUqPVAQPS8U2ydnpg==",
      "dependencies": {
        "@unified-latex/unified-latex-types": "^1.8.4",
        "@unified-latex/unified-latex-util-match": "^1.8.4"
      }
    },
    "node_modules/@unified-latex/unified-latex-util-trim": {
      "version": "1.8.4",
      "resolved": "https://registry.npmjs.org/@unified-latex/unified-latex-util-trim/-/unified-latex-util-trim-1.8.4.tgz",
      "integrity": "sha512-Da6vw1XyFxj1uk2p5cxOJXRMVhM/HEaf0SG8R+G1XUEJOmglicSoJOqRIAkpDrLOBZLebAiiXWmjbtIQzbhKkQ==",
      "dependencies": {
        "@unified-latex/unified-latex-types": "^1.8.4",
        "@unified-latex/unified-latex-util-match": "^1.8.4",
        "@unified-latex/unified-latex-util-visit": "^1.8.4",
        "unified": "^10.1.2"
      }
    },
    "node_modules/@unified-latex/unified-latex-util-visit": {
      "version": "1.8.4",
      "resolved": "https://registry.npmjs.org/@unified-latex/unified-latex-util-visit/-/unified-latex-util-visit-1.8.4.tgz",
      "integrity": "sha512-m5O9evxr/kiX1awZAcwUQL+8slVvlWlkbZoKFDP1agrp3dpk7+69npqyoapKKJEK0B4uRYmv93Ho31oHgNoJrg==",
      "dependencies": {
        "@unified-latex/unified-latex-types": "^1.8.4",
        "@unified-latex/unified-latex-util-match": "^1.8.4"
      }
    },
    "node_modules/bail": {
      "version": "2.0.2",
      "resolved": "https://registry.npmjs.org/bail/-/bail-2.0.2.tgz",
      "integrity": "sha512-0xO6mYd7JB2YesxDKplafRpsiOzPt9V02ddPCLbY1xYGPOX24NTyN50qnUxgCPcSoYMhKpAuBTjQoRZCAkUDRw==",
      "funding": {
        "type": "github",
        "url": "https://github.com/sponsors/wooorm"
      }
    },
    "node_modules/better-sqlite3": {
      "version": "13.0.3",
      "resolved": "https://registry.npmjs.org/better-sqlite3/-/better-sqlite3-13.0.3.tgz",
      "integrity": "sha512-RbOBxmLBG8uvFUc15X9+9SFemKcQ0WBuISBVkpuiaUB2qblC8UWlHEjdWVoZ8AdhSwmoEgsiXKfopX0CQxaACQ==",
      "hasInstallScript": true,
      "dependencies": {
        "node-addon-api": "^8.0.0"
      },
      "engines": {
        "node": ">=22"
      }
    },
    "node_modules/chrome-launcher": {
      "version": "1.2.1",
      "resolved": "https://registry.npmjs.org/chrome-launcher/-/chrome-launcher-1.2.1.tgz",
      "integrity": "sha512-qmFR5PLMzHyuNJHwOloHPAHhbaNglkfeV/xDtt5b7xiFFyU1I+AZZX0PYseMuhenJSSirgxELYIbswcoc+5H4A==",
      "dependencies": {
        "@types/node": "*",
        "escape-string-regexp": "^4.0.0",
        "is-wsl": "^2.2.0",
        "lighthouse-logger": "^2.0.1"
      },
      "bin": {
        "print-chrome-path": "bin/print-chrome-path.cjs"
      },
      "engines": {
        "node": ">=12.13.0"
      }
    },
    "node_modules/chrome-remote-interface": {
      "version": "0.34.0",
      "resolved": "https://registry.npmjs.org/chrome-remote-interface/-/chrome-remote-interface-0.34.0.tgz",
      "integrity": "sha512-rTTcTZ3zemx8I+nvBii7d8BAF0Ms8LLEroypfvwwZOwSpyNGLE28nStXyCA6VwGp2YSQfmCrQH21F/E+oBFvMw==",
      "dependencies": {
        "commander": "2.11.x",
        "ws": "^7.2.0"
      },
      "bin": {
        "chrome-remote-interface": "bin/client.js"
      }
    },
    "node_modules/chrome-remote-interface/node_modules/ws": {
      "version": "7.5.13",
      "resolved": "https://registry.npmjs.org/ws/-/ws-7.5.13.tgz",
      "integrity": "sha512-rsKI6xDBFVf4r/x8XyChGK04QR/XHroxs/jUcoWvtEZM8TPU/X/uIY9B1CsSzYws9ZJb/6bbBu7dPhFW00CAoA==",
      "engines": {
        "node": ">=8.3.0"
      },
      "peerDependencies": {
        "bufferutil": "^4.0.1",
        "utf-8-validate": "^5.0.2"
      },
      "peerDependenciesMeta": {
        "bufferutil": {
          "optional": true
        },
        "utf-8-validate": {
          "optional": true
        }
      }
    },
    "node_modules/color": {
      "version": "4.2.3",
      "resolved": "https://registry.npmjs.org/color/-/color-4.2.3.tgz",
      "integrity": "sha512-1rXeuUUiGGrykh+CeBdu5Ie7OJwinCgQY0bc7GCRxy5xVHy+moaqkpL/jqQq0MtQOeYcrqEz4abc5f0KtU7W4A==",
      "dependencies": {
        "color-convert": "^2.0.1",
        "color-string": "^1.9.0"
      },
      "engines": {
        "node": ">=12.5.0"
      }
    },
    "node_modules/color-convert": {
      "version": "2.0.1",
      "resolved": "https://registry.npmjs.org/color-convert/-/color-convert-2.0.1.tgz",
      "integrity": "sha512-RRECPsj7iu/xb5oKYcsFHSppFNnsj/52OVTRKb4zP5onXwVF3zVmmToNcOfGC+CRDpfK/U584fMg38ZHCaElKQ==",
      "dependencies": {
        "color-name": "~1.1.4"
      },
      "engines": {
        "node": ">=7.0.0"
      }
    },
    "node_modules/color-name": {
      "version": "1.1.4",
      "resolved": "https://registry.npmjs.org/color-name/-/color-name-1.1.4.tgz",
      "integrity": "sha512-dOy+3AuW3a2wNbZHIuMZpTcgjGuLU/uBL/ubcZF9OXbDo8ff4O8yVp5Bf0efS8uEoYo5q4Fx7dY9OgQGXgAsQA=="
    },
    "node_modules/color-string": {
      "version": "1.9.1",
      "resolved": "https://registry.npmjs.org/color-string/-/color-string-1.9.1.tgz",
      "integrity": "sha512-shrVawQFojnZv6xM40anx4CkoDP+fZsw/ZerEMsW/pyzsRbElpsL/DBVW7q3ExxwusdNXI3lXpuhEZkzs8p5Eg==",
      "dependencies": {
        "color-name": "^1.0.0",
        "simple-swizzle": "^0.2.2"
      }
    },
    "node_modules/commander": {
      "version": "2.11.0",
      "resolved": "https://registry.npmjs.org/commander/-/commander-2.11.0.tgz",
      "integrity": "sha512-b0553uYA5YAEGgyYIGYROzKQ7X5RAqedkfjiZxwi0kL1g3bOaBNNZfYkzt/CL0umgD5wc9Jec2FbB98CjkMRvQ=="
    },
    "node_modules/debug": {
      "version": "4.4.3",
      "resolved": "https://registry.npmjs.org/debug/-/debug-4.4.3.tgz",
      "integrity": "sha512-RGwwWnwQvkVfavKVt22FGLw+xYSdzARwm0ru6DhTVA3umU5hZc28V3kO4stgYryrTlLpuvgI9GiijltAjNbcqA==",
      "dependencies": {
        "ms": "^2.1.3"
      },
      "engines": {
        "node": ">=6.0"
      },
      "peerDependenciesMeta": {
        "supports-color": {
          "optional": true
        }
      }
    },
    "node_modules/escape-string-regexp": {
      "version": "4.0.0",
      "resolved": "https://registry.npmjs.org/escape-string-regexp/-/escape-string-regexp-4.0.0.tgz",
      "integrity": "sha512-TtpcNJ3XAzx3Gq8sWRzJaVajRs0uVxA2YAkdb1jm2YkPz4G6egUFAyA3n5vtEIZefPk5Wa4UXbKuS5fKkJWdgA==",
      "engines": {
        "node": ">=10"
      },
      "funding": {
        "url": "https://github.com/sponsors/sindresorhus"
      }
    },
    "node_modules/extend": {
      "version": "3.0.2",
      "resolved": "https://registry.npmjs.org/extend/-/extend-3.0.2.tgz",
      "integrity": "sha512-fjquC59cD7CyW6urNXK0FBufkZcoiGG80wTuPujX590cB5Ttln20E2UB4S/WARVqhXffZl2LNgS+gQdPIIim/g=="
    },
    "node_modules/is-arrayish": {
      "version": "0.3.4",
      "resolved": "https://registry.npmjs.org/is-arrayish/-/is-arrayish-0.3.4.tgz",
      "integrity": "sha512-m6UrgzFVUYawGBh1dUsWR5M2Clqic9RVXC/9f8ceNlv2IcO9j9J/z8UoCLPqtsPBFNzEpfR3xftohbfqDx8EQA=="
    },
    "node_modules/is-buffer": {
      "version": "2.0.5",
      "resolved": "https://registry.npmjs.org/is-buffer/-/is-buffer-2.0.5.tgz",
      "integrity": "sha512-i2R6zNFDwgEHJyQUtJEk0XFi1i0dPFn/oqjK3/vPCcDeJvW5NQ83V8QbicfF1SupOaB0h8ntgBC2YiE7dfyctQ==",
      "funding": [
        {
          "type": "github",
          "url": "https://github.com/sponsors/feross"
        },
        {
          "type": "patreon",
          "url": "https://www.patreon.com/feross"
        },
        {
          "type": "consulting",
          "url": "https://feross.org/support"
        }
      ],
      "engines": {
        "node": ">=4"
      }
    },
    "node_modules/is-docker": {
      "version": "2.2.1",
      "resolved": "https://registry.npmjs.org/is-docker/-/is-docker-2.2.1.tgz",
      "integrity": "sha512-F+i2BKsFrH66iaUFc0woD8sLy8getkwTwtOBjvs56Cx4CgJDeKQeqfz8wAYiSb8JOprWhHH5p77PbmYCvvUuXQ==",
      "bin": {
        "is-docker": "cli.js"
      },
      "engines": {
        "node": ">=8"
      },
      "funding": {
        "url": "https://github.com/sponsors/sindresorhus"
      }
    },
    "node_modules/is-plain-obj": {
      "version": "4.1.0",
      "resolved": "https://registry.npmjs.org/is-plain-obj/-/is-plain-obj-4.1.0.tgz",
      "integrity": "sha512-+Pgi+vMuUNkJyExiMBt5IlFoMyKnr5zhJ4Uspz58WOhBF5QoIZkFyNHIbBAtHwzVAgk5RtndVNsDRN61/mmDqg==",
      "engines": {
        "node": ">=12"
      },
      "funding": {
        "url": "https://github.com/sponsors/sindresorhus"
      }
    },
    "node_modules/is-wsl": {
      "version": "2.2.0",
      "resolved": "https://registry.npmjs.org/is-wsl/-/is-wsl-2.2.0.tgz",
      "integrity": "sha512-fKzAra0rGJUUBwGBgNkHZuToZcn+TtXHpeCgmkMJMMYx1sQDYaCSyjJBSCa2nH1DGm7s3n1oBnohoVTBaN7Lww==",
      "dependencies": {
        "is-docker": "^2.0.0"
      },
      "engines": {
        "node": ">=8"
      }
    },
    "node_modules/lighthouse-logger": {
      "version": "2.0.2",
      "resolved": "https://registry.npmjs.org/lighthouse-logger/-/lighthouse-logger-2.0.2.tgz",
      "integrity": "sha512-vWl2+u5jgOQuZR55Z1WM0XDdrJT6mzMP8zHUct7xTlWhuQs+eV0g+QL0RQdFjT54zVmbhLCP8vIVpy1wGn/gCg==",
      "dependencies": {
        "debug": "^4.4.1",
        "marky": "^1.2.2"
      }
    },
    "node_modules/marky": {
      "version": "1.3.0",
      "resolved": "https://registry.npmjs.org/marky/-/marky-1.3.0.tgz",
      "integrity": "sha512-ocnPZQLNpvbedwTy9kNrQEsknEfgvcLMvOtz3sFeWApDq1MXH1TqkCIx58xlpESsfwQOnuBO9beyQuNGzVvuhQ=="
    },
    "node_modules/ms": {
      "version": "2.1.3",
      "resolved": "https://registry.npmjs.org/ms/-/ms-2.1.3.tgz",
      "integrity": "sha512-6FlzubTLZG3J2a/NVCAleEhjzq5oxgHyaCU9yYXvcLsvoVaHJq/s5xXI6/XXP6tz7R9xAOtHnSO/tXtF3WRTlA=="
    },
    "node_modules/node-addon-api": {
      "version": "8.9.2",
      "resolved": "https://registry.npmjs.org/node-addon-api/-/node-addon-api-8.9.2.tgz",
      "integrity": "sha512-VijLXbi3UACN69I0JVXJsX4tjACjNoQDgv2gTF6sx2wWEi8tkSg2eX8p5gSIFi8z2+DL3oHmY6OyKce38SDolg==",
      "engines": {
        "node": "^18 || ^20 || >= 21"
      }
    },
    "node_modules/simple-swizzle": {
      "version": "0.2.4",
      "resolved": "https://registry.npmjs.org/simple-swizzle/-/simple-swizzle-0.2.4.tgz",
      "integrity": "sha512-nAu1WFPQSMNr2Zn9PGSZK9AGn4t/y97lEm+MXTtUDwfP0ksAIX4nO+6ruD9Jwut4C49SB1Ws+fbXsm/yScWOHw==",
      "dependencies": {
        "is-arrayish": "^0.3.1"
      }
    },
    "node_modules/trie-prefix-tree": {
      "version": "1.5.1",
      "resolved": "https://registry.npmjs.org/trie-prefix-tree/-/trie-prefix-tree-1.5.1.tgz",
      "integrity": "sha512-Jjvj/dA97wXnabG/NLJUgo4IQMj6vucH+Qxm7of/omfWSmZlPqdRU6Ta4GmQqCZH+n3/iYZUwfvUoEhB0Hs83Q=="
    },
    "node_modules/trough": {
      "version": "2.2.0",
      "resolved": "https://registry.npmjs.org/trough/-/trough-2.2.0.tgz",
      "integrity": "sha512-tmMpK00BjZiUyVyvrBK7knerNgmgvcV/KLVyuma/SC+TQN167GrMRciANTz09+k3zW8L8t60jWO1GpfkZdjTaw==",
      "funding": {
        "type": "github",
        "url": "https://github.com/sponsors/wooorm"
      }
    },
    "node_modules/undici-types": {
      "version": "8.9.0",
      "resolved": "https://registry.npmjs.org/undici-types/-/undici-types-8.9.0.tgz",
      "integrity": "sha512-KTDyRTYX8sWmKXAikPHHSyc63CRPETMctyjKFupcC6OBLXT3xsN0e9aF7m+mIXutFWpUXuedtowG7iLOzp0kQg=="
    },
    "node_modules/unified": {
      "version": "10.1.2",
      "resolved": "https://registry.npmjs.org/unified/-/unified-10.1.2.tgz",
      "integrity": "sha512-pUSWAi/RAnVy1Pif2kAoeWNBa3JVrx0MId2LASj8G+7AiHWoKZNTomq6LG326T68U7/e263X6fTdcXIy7XnF7Q==",
      "dependencies": {
        "@types/unist": "^2.0.0",
        "bail": "^2.0.0",
        "extend": "^3.0.0",
        "is-buffer": "^2.0.0",
        "is-plain-obj": "^4.0.0",
        "trough": "^2.0.0",
        "vfile": "^5.0.0"
      },
      "funding": {
        "type": "opencollective",
        "url": "https://opencollective.com/unified"
      }
    },
    "node_modules/unist-util-stringify-position": {
      "version": "3.0.3",
      "resolved": "https://registry.npmjs.org/unist-util-stringify-position/-/unist-util-stringify-position-3.0.3.tgz",
      "integrity": "sha512-k5GzIBZ/QatR8N5X2y+drfpWG8IDBzdnVj6OInRNWm1oXrzydiaAT2OQiA8DPRRZyAKb9b6I2a6PxYklZD0gKg==",
      "dependencies": {
        "@types/unist": "^2.0.0"
      },
      "funding": {
        "type": "opencollective",
        "url": "https://opencollective.com/unified"
      }
    },
    "node_modules/vfile": {
      "version": "5.3.7",
      "resolved": "https://registry.npmjs.org/vfile/-/vfile-5.3.7.tgz",
      "integrity": "sha512-r7qlzkgErKjobAmyNIkkSpizsFPYiUPuJb5pNW1RB4JcYVZhs4lIbVqk8XPk033CV/1z8ss5pkax8SuhGpcG8g==",
      "dependencies": {
        "@types/unist": "^2.0.0",
        "is-buffer": "^2.0.0",
        "unist-util-stringify-position": "^3.0.0",
        "vfile-message": "^3.0.0"
      },
      "funding": {
        "type": "opencollective",
        "url": "https://opencollective.com/unified"
      }
    },
    "node_modules/vfile-message": {
      "version": "3.1.4",
      "resolved": "https://registry.npmjs.org/vfile-message/-/vfile-message-3.1.4.tgz",
      "integrity": "sha512-fa0Z6P8HUrQN4BZaX05SIVXic+7kE3b05PWAtPuYP9QLHsLKYR7/AlLW3NtOrpXRLeawpDLMsVkmk5DG0NXgWw==",
      "dependencies": {
        "@types/unist": "^2.0.0",
        "unist-util-stringify-position": "^3.0.0"
      },
      "funding": {
        "type": "opencollective",
        "url": "https://opencollective.com/unified"
      }
    },
    "node_modules/ws": {
      "version": "8.21.3",
      "resolved": "https://registry.npmjs.org/ws/-/ws-8.21.3.tgz",
      "integrity": "sha512-201TZ/kPWxoPr/OKWjquZR1SWKXcvxdH+e1xrx89b3YbmzLMFCLfnaG1HFIgWzJOEWZ7MvpK++odZufgYR50Rw==",
      "engines": {
        "node": ">=10.0.0"
      },
      "peerDependencies": {
        "bufferutil": "^4.0.1",
        "utf-8-validate": ">=5.0.2"
      },
      "peerDependenciesMeta": {
        "bufferutil": {
          "optional": true
        },
        "utf-8-validate": {
          "optional": true
        }
      }
    }
  },
  "dependencies": {
    "@types/node": {
      "version": "26.6.1",
      "resolved": "https://registry.npmjs.org/@types/node/-/node-26.6.1.tgz",
      "integrity": "sha512-VqGJBMCtdhqkBUCcBLvywI0NJ+KLuVzgNnlBUNFOQjqVxzo2lxLUNg1DSey8+u2u6ktswSAxg+s68QLzWHNOuA==",
      "requires": {
        "undici-types": "~8.9.0"
      }
    },
    "@types/unist": {
      "version": "2.0.11",
      "resolved": "https://registry.npmjs.org/@types/unist/-/unist-2.0.11.tgz",
      "integrity": "sha512-CmBKiL6NNo/OqgmMn95Fk9Whlp2mtvIv+KNpQKN2F4SjvrEesubTRWGYSg+BnWZOnlCaSTU1sMpsBOzgbYhnsA=="
    },
    "@unified-latex/unified-latex-builder": {
      "version": "1.8.4",
      "resolved": "https://registry.npmjs.org/@unified-latex/unified-latex-builder/-/unified-latex-builder-1.8.4.tgz",
      "integrity": "sha512-Rw5XlVhJ50wk7J/hukJ0YBjLqaCjNTYDLZc6lNPH8Vji56YPzZbduuh/kY3ueME+CnxJq/34CGY8D/0cOZY8yw==",
      "requires": {
        "@unified-latex/unified-latex-types": "^1.8.4"
      }
    },
    "@unified-latex/unified-latex-ctan": {
      "version": "1.8.4",
      "resolved": "https://registry.npmjs.org/@unified-latex/unified-latex-ctan/-/unified-latex-ctan-1.8.4.tgz",
      "integrity": "sha512-jNirPv/pLtuWwGwqmeJPcz3hWX98LcSZDCcnlqCp5HRTx2wzhni2cuefORkP0klz4hoU2lm3s71eVA9taC6kQw==",
      "requires": {
        "@unified-latex/unified-latex-builder": "^1.8.4",
        "@unified-latex/unified-latex-types": "^1.8.4",
        "@unified-latex/unified-latex-util-argspec": "^1.8.4",
        "@unified-latex/unified-latex-util-arguments": "^1.8.4",
        "@unified-latex/unified-latex-util-comments": "^1.8.4",
        "@unified-latex/unified-latex-util-match": "^1.8.4",
        "@unified-latex/unified-latex-util-pegjs": "^1.8.4",
        "@unified-latex/unified-latex-util-print-raw": "^1.8.4",
        "@unified-latex/unified-latex-util-render-info": "^1.8.4",
        "@unified-latex/unified-latex-util-replace": "^1.8.4",
        "@unified-latex/unified-latex-util-scan": "^1.8.4",
        "@unified-latex/unified-latex-util-split": "^1.8.4",
        "@unified-latex/unified-latex-util-trim": "^1.8.4",
        "@unified-latex/unified-latex-util-visit": "^1.8.4",
        "color": "^4.2.3"
      }
    },
    "@unified-latex/unified-latex-types": {
      "version": "1.8.4",
      "resolved": "https://registry.npmjs.org/@unified-latex/unified-latex-types/-/unified-latex-types-1.8.4.tgz",
      "integrity": "sha512-nQ6YS4WYVOA89qdmxw57vl3KfmRGFHGTyLsw9LxCC7DSE6oma3rvXIGjBDUe7E3bgWocBqRITPcz25VqCRlFzA=="
    },
    "@unified-latex/unified-latex-util-argspec": {
      "version": "1.8.4",
      "resolved": "https://registry.npmjs.org/@unified-latex/unified-latex-util-argspec/-/unified-latex-util-argspec-1.8.4.tgz",
      "integrity": "sha512-FZcQ6d5goGmfZnqLNqvl+HzU1xuXfHj4q2JqBPT+qd2Jjj6Bu4EGI3om7jz/FjsSADVQJ6T69gRNxpWAH1uuZw==",
      "requires": {
        "@unified-latex/unified-latex-util-pegjs": "^1.8.4"
      }
    },
    "@unified-latex/unified-latex-util-arguments": {
      "version": "1.8.4",
      "resolved": "https://registry.npmjs.org/@unified-latex/unified-latex-util-arguments/-/unified-latex-util-arguments-1.8.4.tgz",
      "integrity": "sha512-nVDASzDojN33T1RwjRlACeMObcHW4erxVfv60ZjHKi7B5TCgGU6hzMgScjC4ex5WsR1dLfma4OWElnwOiavXJw==",
      "requires": {
        "@unified-latex/unified-latex-builder": "^1.8.4",
        "@unified-latex/unified-latex-types": "^1.8.4",
        "@unified-latex/unified-latex-util-argspec": "^1.8.4",
        "@unified-latex/unified-latex-util-match": "^1.8.4",
        "@unified-latex/unified-latex-util-render-info": "^1.8.4",
        "@unified-latex/unified-latex-util-scan": "^1.8.4",
        "@unified-latex/unified-latex-util-visit": "^1.8.4",
        "unified": "^10.1.2"
      }
    },
    "@unified-latex/unified-latex-util-catcode": {
      "version": "1.8.4",
      "resolved": "https://registry.npmjs.org/@unified-latex/unified-latex-util-catcode/-/unified-latex-util-catcode-1.8.4.tgz",
      "integrity": "sha512-8huVuXLfpjYp7Ac9/+pQd9i2MYJjJalKLjt1dgaFFO5Ageo5Ot7wDCja2FRYPcHisnFBFoePGCRsqZbnPe1iCw==",
      "requires": {
        "@unified-latex/unified-latex-types": "^1.8.4",
        "@unified-latex/unified-latex-util-match": "^1.8.4",
        "@unified-latex/unified-latex-util-visit": "^1.8.4"
      }
    },
    "@unified-latex/unified-latex-util-comments": {
      "version": "1.8.4",
      "resolved": "https://registry.npmjs.org/@unified-latex/unified-latex-util-comments/-/unified-latex-util-comments-1.8.4.tgz",
      "integrity": "sha512-2Iw4BpxOx+Uow4DZio34qP8kqjJvYLATfgn8P48rMF6VLAjJniVvMxpHdbv6Kwh8aCAuhOl2bjMZ9m1NxH+OzQ==",
      "requires": {
        "@unified-latex/unified-latex-types": "^1.8.4",
        "@unified-latex/unified-latex-util-match": "^1.8.4",
        "@unified-latex/unified-latex-util-replace": "^1.8.4"
      }
    },
    "@unified-latex/unified-latex-util-environments": {
      "version": "1.8.4",
      "resolved": "https://registry.npmjs.org/@unified-latex/unified-latex-util-environments/-/unified-latex-util-environments-1.8.4.tgz",
      "integrity": "sha512-zA5rlwApSwLAubtZcQeaOZqLYeFVM9c0aecw3Uajho8GGk9CTUtaS/vvZe4VwnU1Z/usbu1LPgPMaiHt3LTJOQ==",
      "requires": {
        "@unified-latex/unified-latex-types": "^1.8.4",
        "@unified-latex/unified-latex-util-arguments": "^1.8.4",
        "@unified-latex/unified-latex-util-match": "^1.8.4",
        "@unified-latex/unified-latex-util-print-raw": "^1.8.4",
        "@unified-latex/unified-latex-util-render-info": "^1.8.4",
        "@unified-latex/unified-latex-util-visit": "^1.8.4",
        "unified": "^10.1.2"
      }
    },
    "@unified-latex/unified-latex-util-match": {
      "version": "1.8.4",
      "resolved": "https://registry.npmjs.org/@unified-latex/unified-latex-util-match/-/unified-latex-util-match-1.8.4.tgz",
      "integrity": "sha512-wYhTER8i3THQcTYjSufCr8IC0TxguN3dj3h0EFAVneZQ/FIqi/kbvvtPaI0u8mtQLuBDGfhftBy7PvuK9TSG3w==",
      "requires": {
        "@unified-latex/unified-latex-types": "^1.8.4",
        "@unified-latex/unified-latex-util-print-raw": "^1.8.4"
      }
    },
    "@unified-latex/unified-latex-util-parse": {
      "version": "1.8.4",
      "resolved": "https://registry.npmjs.org/@unified-latex/unified-latex-util-parse/-/unified-latex-util-parse-1.8.4.tgz",
      "integrity": "sha512-Ri+j+0hdgw2xv3tTnc8sCOL9R25bEeKu7dsgX2eKQ0Q4nWIlJ5dQsMFhykGPJhnAok8t6DRlb2GRt2+Mk1UPHg==",
      "requires": {
        "@unified-latex/unified-latex-ctan": "^1.8.4",
        "@unified-latex/unified-latex-types": "^1.8.4",
        "@unified-latex/unified-latex-util-arguments": "^1.8.4",
        "@unified-latex/unified-latex-util-catcode": "^1.8.4",
        "@unified-latex/unified-latex-util-environments": "^1.8.4",
        "@unified-latex/unified-latex-util-match": "^1.8.4",
        "@unified-latex/unified-latex-util-pegjs": "^1.8.4",
        "@unified-latex/unified-latex-util-print-raw": "^1.8.4",
        "@unified-latex/unified-latex-util-trim": "^1.8.4",
        "@unified-latex/unified-latex-util-visit": "^1.8.4",
        "unified": "^10.1.2"
      }
    },
    "@unified-latex/unified-latex-util-pegjs": {
      "version": "1.8.4",
      "resolved": "https://registry.npmjs.org/@unified-latex/unified-latex-util-pegjs/-/unified-latex-util-pegjs-1.8.4.tgz",
      "integrity": "sha512-5PTvl2zTK25+Dy8SMpqq6Nf9k1gvr89fS7rR3hB8vi/KjA9AfXGQbiYOcwTfN8O5lpoKJeOuXw6hhaSlTpRaMQ==",
      "requires": {
        "@unified-latex/unified-latex-types": "^1.8.4",
        "@unified-latex/unified-latex-util-match": "^1.8.4"
      }
    },
    "@unified-latex/unified-latex-util-print-raw": {
      "version": "1.8.4",
      "resolved": "https://registry.npmjs.org/@unified-latex/unified-latex-util-print-raw/-/unified-latex-util-print-raw-1.8.4.tgz",
      "integrity": "sha512-35hce9A8frQvEp5cM5avPpLMCUs8OIzhR3OZr4TjMJI/Lsj4wu6Tv9h2XQpxDmg8ofOtxn2UEWB19Wld9fgRvw==",
      "requires": {
        "@unified-latex/unified-latex-types": "^1.8.4"
      }
    },
    "@unified-latex/unified-latex-util-render-info": {
      "version": "1.8.4",
      "resolved": "https://registry.npmjs.org/@unified-latex/unified-latex-util-render-info/-/unified-latex-util-render-info-1.8.4.tgz",
      "integrity": "sha512-G8py9w7PYRgUXl9lMnuvQ24s5hB1wzz2dlCzF+HHbvW8P29x7PF3jry+R9l+LD/P3bxVNdcFTz8HHJ8dnu7NiQ==",
      "requires": {
        "@unified-latex/unified-latex-types": "^1.8.4",
        "@unified-latex/unified-latex-util-visit": "^1.8.4"
      }
    },
    "@unified-latex/unified-latex-util-replace": {
      "version": "1.8.4",
      "resolved": "https://registry.npmjs.org/@unified-latex/unified-latex-util-replace/-/unified-latex-util-replace-1.8.4.tgz",
      "integrity": "sha512-9T2U11L6gihcoCul+xxwQOQrG3b8y5EcXvNXAV5U4c9GkLesvEEQ7wgyVtYtEDHIzFFL6p0Bc60XyWTn8VD3Qw==",
      "requires": {
        "@unified-latex/unified-latex-types": "^1.8.4",
        "@unified-latex/unified-latex-util-match": "^1.8.4",
        "@unified-latex/unified-latex-util-split": "^1.8.4",
        "@unified-latex/unified-latex-util-trim": "^1.8.4",
        "@unified-latex/unified-latex-util-visit": "^1.8.4",
        "unified": "^10.1.2"
      }
    },
    "@unified-latex/unified-latex-util-scan": {
      "version": "1.8.4",
      "resolved": "https://registry.npmjs.org/@unified-latex/unified-latex-util-scan/-/unified-latex-util-scan-1.8.4.tgz",
      "integrity": "sha512-oeL2PBxXIsEtO/ZQdiWWjy3t96wnd/8Obn4ts80g++6S/9p6GKU27MDpUP9zb/k3OBwUufH4/LkdhokWGVmTNQ==",
      "requires": {
        "@unified-latex/unified-latex-types": "^1.8.4",
        "@unified-latex/unified-latex-util-match": "^1.8.4",
        "@unified-latex/unified-latex-util-print-raw": "^1.8.4",
        "trie-prefix-tree": "^1.5.1"
      }
    },
    "@unified-latex/unified-latex-util-split": {
      "version": "1.8.4",
      "resolved": "https://registry.npmjs.org/@unified-latex/unified-latex-util-split/-/unified-latex-util-split-1.8.4.tgz",
      "integrity": "sha512-EZm92GRiOLcJeH/HFfh1unH+BBBGHOlvgjzIvG5I5XofLWj/Y2lwX2aPbNfrT/nmjKrujcUqPVAQPS8U2ydnpg==",
      "requires": {
        "@unified-latex/unified-latex-types": "^1.8.4",
        "@unified-latex/unified-latex-util-match": "^1.8.4"
      }
    },
    "@unified-latex/unified-latex-util-trim": {
      "version": "1.8.4",
      "resolved": "https://registry.npmjs.org/@unified-latex/unified-latex-util-trim/-/unified-latex-util-trim-1.8.4.tgz",
      "integrity": "sha512-Da6vw1XyFxj1uk2p5cxOJXRMVhM/HEaf0SG8R+G1XUEJOmglicSoJOqRIAkpDrLOBZLebAiiXWmjbtIQzbhKkQ==",
      "requires": {
        "@unified-latex/unified-latex-types": "^1.8.4",
        "@unified-latex/unified-latex-util-match": "^1.8.4",
        "@unified-latex/unified-latex-util-visit": "^1.8.4",
        "unified": "^10.1.2"
      }
    },
    "@unified-latex/unified-latex-util-visit": {
      "version": "1.8.4",
      "resolved": "https://registry.npmjs.org/@unified-latex/unified-latex-util-visit/-/unified-latex-util-visit-1.8.4.tgz",
      "integrity": "sha512-m5O9evxr/kiX1awZAcwUQL+8slVvlWlkbZoKFDP1agrp3dpk7+69npqyoapKKJEK0B4uRYmv93Ho31oHgNoJrg==",
      "requires": {
        "@unified-latex/unified-latex-types": "^1.8.4",
        "@unified-latex/unified-latex-util-match": "^1.8.4"
      }
    },
    "bail": {
      "version": "2.0.2",
      "resolved": "https://registry.npmjs.org/bail/-/bail-2.0.2.tgz",
      "integrity": "sha512-0xO6mYd7JB2YesxDKplafRpsiOzPt9V02ddPCLbY1xYGPOX24NTyN50qnUxgCPcSoYMhKpAuBTjQoRZCAkUDRw=="
    },
    "better-sqlite3": {
      "version": "13.0.3",
      "resolved": "https://registry.npmjs.org/better-sqlite3/-/better-sqlite3-13.0.3.tgz",
      "integrity": "sha512-RbOBxmLBG8uvFUc15X9+9SFemKcQ0WBuISBVkpuiaUB2qblC8UWlHEjdWVoZ8AdhSwmoEgsiXKfopX0CQxaACQ==",
      "requires": {
        "node-addon-api": "^8.0.0"
      }
    },
    "chrome-launcher": {
      "version": "1.2.1",
      "resolved": "https://registry.npmjs.org/chrome-launcher/-/chrome-launcher-1.2.1.tgz",
      "integrity": "sha512-qmFR5PLMzHyuNJHwOloHPAHhbaNglkfeV/xDtt5b7xiFFyU1I+AZZX0PYseMuhenJSSirgxELYIbswcoc+5H4A==",
      "requires": {
        "@types/node": "*",
        "escape-string-regexp": "^4.0.0",
        "is-wsl": "^2.2.0",
        "lighthouse-logger": "^2.0.1"
      }
    },
    "chrome-remote-interface": {
      "version": "0.34.0",
      "resolved": "https://registry.npmjs.org/chrome-remote-interface/-/chrome-remote-interface-0.34.0.tgz",
      "integrity": "sha512-rTTcTZ3zemx8I+nvBii7d8BAF0Ms8LLEroypfvwwZOwSpyNGLE28nStXyCA6VwGp2YSQfmCrQH21F/E+oBFvMw==",
      "requires": {
        "commander": "2.11.x",
        "ws": "^7.2.0"
      },
      "dependencies": {
        "ws": {
          "version": "7.5.13",
          "resolved": "https://registry.npmjs.org/ws/-/ws-7.5.13.tgz",
          "integrity": "sha512-rsKI6xDBFVf4r/x8XyChGK04QR/XHroxs/jUcoWvtEZM8TPU/X/uIY9B1CsSzYws9ZJb/6bbBu7dPhFW00CAoA==",
          "requires": {}
        }
      }
    },
    "color": {
      "version": "4.2.3",
      "resolved": "https://registry.npmjs.org/color/-/color-4.2.3.tgz",
      "integrity": "sha512-1rXeuUUiGGrykh+CeBdu5Ie7OJwinCgQY0bc7GCRxy5xVHy+moaqkpL/jqQq0MtQOeYcrqEz4abc5f0KtU7W4A==",
      "requires": {
        "color-convert": "^2.0.1",
        "color-string": "^1.9.0"
      }
    },
    "color-convert": {
      "version": "2.0.1",
      "resolved": "https://registry.npmjs.org/color-convert/-/color-convert-2.0.1.tgz",
      "integrity": "sha512-RRECPsj7iu/xb5oKYcsFHSppFNnsj/52OVTRKb4zP5onXwVF3zVmmToNcOfGC+CRDpfK/U584fMg38ZHCaElKQ==",
      "requires": {
        "color-name": "~1.1.4"
      }
    },
    "color-name": {
      "version": "1.1.4",
      "resolved": "https://registry.npmjs.org/color-name/-/color-name-1.1.4.tgz",
      "integrity": "sha512-dOy+3AuW3a2wNbZHIuMZpTcgjGuLU/uBL/ubcZF9OXbDo8ff4O8yVp5Bf0efS8uEoYo5q4Fx7dY9OgQGXgAsQA=="
    },
    "color-string": {
      "version": "1.9.1",
      "resolved": "https://registry.npmjs.org/color-string/-/color-string-1.9.1.tgz",
      "integrity": "sha512-shrVawQFojnZv6xM40anx4CkoDP+fZsw/ZerEMsW/pyzsRbElpsL/DBVW7q3ExxwusdNXI3lXpuhEZkzs8p5Eg==",
      "requires": {
        "color-name": "^1.0.0",
        "simple-swizzle": "^0.2.2"
      }
    },
    "commander": {
      "version": "2.11.0",
      "resolved": "https://registry.npmjs.org/commander/-/commander-2.11.0.tgz",
      "integrity": "sha512-b0553uYA5YAEGgyYIGYROzKQ7X5RAqedkfjiZxwi0kL1g3bOaBNNZfYkzt/CL0umgD5wc9Jec2FbB98CjkMRvQ=="
    },
    "debug": {
      "version": "4.4.3",
      "resolved": "https://registry.npmjs.org/debug/-/debug-4.4.3.tgz",
      "integrity": "sha512-RGwwWnwQvkVfavKVt22FGLw+xYSdzARwm0ru6DhTVA3umU5hZc28V3kO4stgYryrTlLpuvgI9GiijltAjNbcqA==",
      "requires": {
        "ms": "^2.1.3"
      }
    },
    "escape-string-regexp": {
      "version": "4.0.0",
      "resolved": "https://registry.npmjs.org/escape-string-regexp/-/escape-string-regexp-4.0.0.tgz",
      "integrity": "sha512-TtpcNJ3XAzx3Gq8sWRzJaVajRs0uVxA2YAkdb1jm2YkPz4G6egUFAyA3n5vtEIZefPk5Wa4UXbKuS5fKkJWdgA=="
    },
    "extend": {
      "version": "3.0.2",
      "resolved": "https://registry.npmjs.org/extend/-/extend-3.0.2.tgz",
      "integrity": "sha512-fjquC59cD7CyW6urNXK0FBufkZcoiGG80wTuPujX590cB5Ttln20E2UB4S/WARVqhXffZl2LNgS+gQdPIIim/g=="
    },
    "is-arrayish": {
      "version": "0.3.4",
      "resolved": "https://registry.npmjs.org/is-arrayish/-/is-arrayish-0.3.4.tgz",
      "integrity": "sha512-m6UrgzFVUYawGBh1dUsWR5M2Clqic9RVXC/9f8ceNlv2IcO9j9J/z8UoCLPqtsPBFNzEpfR3xftohbfqDx8EQA=="
    },
    "is-buffer": {
      "version": "2.0.5",
      "resolved": "https://registry.npmjs.org/is-buffer/-/is-buffer-2.0.5.tgz",
      "integrity": "sha512-i2R6zNFDwgEHJyQUtJEk0XFi1i0dPFn/oqjK3/vPCcDeJvW5NQ83V8QbicfF1SupOaB0h8ntgBC2YiE7dfyctQ=="
    },
    "is-docker": {
      "version": "2.2.1",
      "resolved": "https://registry.npmjs.org/is-docker/-/is-docker-2.2.1.tgz",
      "integrity": "sha512-F+i2BKsFrH66iaUFc0woD8sLy8getkwTwtOBjvs56Cx4CgJDeKQeqfz8wAYiSb8JOprWhHH5p77PbmYCvvUuXQ=="
    },
    "is-plain-obj": {
      "version": "4.1.0",
      "resolved": "https://registry.npmjs.org/is-plain-obj/-/is-plain-obj-4.1.0.tgz",
      "integrity": "sha512-+Pgi+vMuUNkJyExiMBt5IlFoMyKnr5zhJ4Uspz58WOhBF5QoIZkFyNHIbBAtHwzVAgk5RtndVNsDRN61/mmDqg=="
    },
    "is-wsl": {
      "version": "2.2.0",
      "resolved": "https://registry.npmjs.org/is-wsl/-/is-wsl-2.2.0.tgz",
      "integrity": "sha512-fKzAra0rGJUUBwGBgNkHZuToZcn+TtXHpeCgmkMJMMYx1sQDYaCSyjJBSCa2nH1DGm7s3n1oBnohoVTBaN7Lww==",
      "requires": {
        "is-docker": "^2.0.0"
      }
    },
    "lighthouse-logger": {
      "version": "2.0.2",
      "resolved": "https://registry.npmjs.org/lighthouse-logger/-/lighthouse-logger-2.0.2.tgz",
      "integrity": "sha512-vWl2+u5jgOQuZR55Z1WM0XDdrJT6mzMP8zHUct7xTlWhuQs+eV0g+QL0RQdFjT54zVmbhLCP8vIVpy1wGn/gCg==",
      "requires": {
        "debug": "^4.4.1",
        "marky": "^1.2.2"
      }
    },
    "marky": {
      "version": "1.3.0",
      "resolved": "https://registry.npmjs.org/marky/-/marky-1.3.0.tgz",
      "integrity": "sha512-ocnPZQLNpvbedwTy9kNrQEsknEfgvcLMvOtz3sFeWApDq1MXH1TqkCIx58xlpESsfwQOnuBO9beyQuNGzVvuhQ=="
    },
    "ms": {
      "version": "2.1.3",
      "resolved": "https://registry.npmjs.org/ms/-/ms-2.1.3.tgz",
      "integrity": "sha512-6FlzubTLZG3J2a/NVCAleEhjzq5oxgHyaCU9yYXvcLsvoVaHJq/s5xXI6/XXP6tz7R9xAOtHnSO/tXtF3WRTlA=="
    },
    "node-addon-api": {
      "version": "8.9.2",
      "resolved": "https://registry.npmjs.org/node-addon-api/-/node-addon-api-8.9.2.tgz",
      "integrity": "sha512-VijLXbi3UACN69I0JVXJsX4tjACjNoQDgv2gTF6sx2wWEi8tkSg2eX8p5gSIFi8z2+DL3oHmY6OyKce38SDolg=="
    },
    "simple-swizzle": {
      "version": "0.2.4",
      "resolved": "https://registry.npmjs.org/simple-swizzle/-/simple-swizzle-0.2.4.tgz",
      "integrity": "sha512-nAu1WFPQSMNr2Zn9PGSZK9AGn4t/y97lEm+MXTtUDwfP0ksAIX4nO+6ruD9Jwut4C49SB1Ws+fbXsm/yScWOHw==",
      "requires": {
        "is-arrayish": "^0.3.1"
      }
    },
    "trie-prefix-tree": {
      "version": "1.5.1",
      "resolved": "https://registry.npmjs.org/trie-prefix-tree/-/trie-prefix-tree-1.5.1.tgz",
      "integrity": "sha512-Jjvj/dA97wXnabG/NLJUgo4IQMj6vucH+Qxm7of/omfWSmZlPqdRU6Ta4GmQqCZH+n3/iYZUwfvUoEhB0Hs83Q=="
    },
    "trough": {
      "version": "2.2.0",
      "resolved": "https://registry.npmjs.org/trough/-/trough-2.2.0.tgz",
      "integrity": "sha512-tmMpK00BjZiUyVyvrBK7knerNgmgvcV/KLVyuma/SC+TQN167GrMRciANTz09+k3zW8L8t60jWO1GpfkZdjTaw=="
    },
    "undici-types": {
      "version": "8.9.0",
      "resolved": "https://registry.npmjs.org/undici-types/-/undici-types-8.9.0.tgz",
      "integrity": "sha512-KTDyRTYX8sWmKXAikPHHSyc63CRPETMctyjKFupcC6OBLXT3xsN0e9aF7m+mIXutFWpUXuedtowG7iLOzp0kQg=="
    },
    "unified": {
      "version": "10.1.2",
      "resolved": "https://registry.npmjs.org/unified/-/unified-10.1.2.tgz",
      "integrity": "sha512-pUSWAi/RAnVy1Pif2kAoeWNBa3JVrx0MId2LASj8G+7AiHWoKZNTomq6LG326T68U7/e263X6fTdcXIy7XnF7Q==",
      "requires": {
        "@types/unist": "^2.0.0",
        "bail": "^2.0.0",
        "extend": "^3.0.0",
        "is-buffer": "^2.0.0",
        "is-plain-obj": "^4.0.0",
        "trough": "^2.0.0",
        "vfile": "^5.0.0"
      }
    },
    "unist-util-stringify-position": {
      "version": "3.0.3",
      "resolved": "https://registry.npmjs.org/unist-util-stringify-position/-/unist-util-stringify-position-3.0.3.tgz",
      "integrity": "sha512-k5GzIBZ/QatR8N5X2y+drfpWG8IDBzdnVj6OInRNWm1oXrzydiaAT2OQiA8DPRRZyAKb9b6I2a6PxYklZD0gKg==",
      "requires": {
        "@types/unist": "^2.0.0"
      }
    },
    "vfile": {
      "version": "5.3.7",
      "resolved": "https://registry.npmjs.org/vfile/-/vfile-5.3.7.tgz",
      "integrity": "sha512-r7qlzkgErKjobAmyNIkkSpizsFPYiUPuJb5pNW1RB4JcYVZhs4lIbVqk8XPk033CV/1z8ss5pkax8SuhGpcG8g==",
      "requires": {
        "@types/unist": "^2.0.0",
        "is-buffer": "^2.0.0",
        "unist-util-stringify-position": "^3.0.0",
        "vfile-message": "^3.0.0"
      }
    },
    "vfile-message": {
      "version": "3.1.4",
      "resolved": "https://registry.npmjs.org/vfile-message/-/vfile-message-3.1.4.tgz",
      "integrity": "sha512-fa0Z6P8HUrQN4BZaX05SIVXic+7kE3b05PWAtPuYP9QLHsLKYR7/AlLW3NtOrpXRLeawpDLMsVkmk5DG0NXgWw==",
      "requires": {
        "@types/unist": "^2.0.0",
        "unist-util-stringify-position": "^3.0.0"
      }
    },
    "ws": {
      "version": "8.21.3",
      "resolved": "https://registry.npmjs.org/ws/-/ws-8.21.3.tgz",
      "integrity": "sha512-201TZ/kPWxoPr/OKWjquZR1SWKXcvxdH+e1xrx89b3YbmzLMFCLfnaG1HFIgWzJOEWZ7MvpK++odZufgYR50Rw==",
      "requires": {}
    }
  }
}
